        "@jup-ag/api": "^6.0.44",
        "@types/qrcode.react": "^1.0.5",
    "node_modules/@jup-ag/api": {
      "version": "6.0.44",
      "resolved": "https://registry.npmjs.org/@jup-ag/api/-/api-6.0.44.tgz",
      "integrity": "sha512-C6oYi+wvNi07VlmWhT8+ZDMqTJuF+MiHuNBE65cYuBH6C4l0JfwpXaj6mKazAdVqVFWgngr3s2+0tdF5nDH4tA==",
      "license": "MIT"
    },
    "node_modules/@types/qrcode.react": {
      "version": "1.0.5",
      "resolved": "https://registry.npmjs.org/@types/qrcode.react/-/qrcode.react-1.0.5.tgz",
      "integrity": "sha512-BghPtnlwvrvq8QkGa1H25YnN+5OIgCKFuQruncGWLGJYOzeSKiix/4+B9BtfKF2wf5ja8yfyWYA3OXju995G8w==",
      "dev": true,
      "license": "MIT",
      "dependencies": {
        "@types/react": "*"
      }
    },
